
Microsoft Visual Studio Solution File, Format Version 12.00
# Visual Studio 15
Project("{FAE04EC0-301F-11D3-BF4B-00C04F79EFBC}") = "Assembly-CSharp", "Assembly-CSharp.csproj", "{BC7B13D2-FC24-8597-95C1-A7686A413A94}"
EndProject
Project("{FAE04EC0-301F-11D3-BF4B-00C04F79EFBC}") = "Assembly-CSharp-Editor", "Assembly-CSharp-Editor.csproj", "{36E2D02A-5A88-F5CE-D1EF-0ED431B97F98}"
EndProject
Global
	GlobalSection(SolutionConfigurationPlatforms) = preSolution
		Debug|Any CPU = Debug|Any CPU
		Release|Any CPU = Release|Any CPU
	EndGlobalSection
	GlobalSection(ProjectConfigurationPlatforms) = postSolution
		{BC7B13D2-FC24-8597-95C1-A7686A413A94}.Debug|Any CPU.ActiveCfg = Debug|Any CPU
		{BC7B13D2-FC24-8597-95C1-A7686A413A94}.Debug|Any CPU.Build.0 = Debug|Any CPU
		{BC7B13D2-FC24-8597-95C1-A7686A413A94}.Release|Any CPU.ActiveCfg = Release|Any CPU
		{BC7B13D2-FC24-8597-95C1-A7686A413A94}.Release|Any CPU.Build.0 = Release|Any CPU
		{36E2D02A-5A88-F5CE-D1EF-0ED431B97F98}.Debug|Any CPU.ActiveCfg = Debug|Any CPU
		{36E2D02A-5A88-F5CE-D1EF-0ED431B97F98}.Debug|Any CPU.Build.0 = Debug|Any CPU
		{36E2D02A-5A88-F5CE-D1EF-0ED431B97F98}.Release|Any CPU.ActiveCfg = Release|Any CPU
		{36E2D02A-5A88-F5CE-D1EF-0ED431B97F98}.Release|Any CPU.Build.0 = Release|Any CPU
	EndGlobalSection
	GlobalSection(SolutionProperties) = preSolution
		HideSolutionNode = FALSE
	EndGlobalSection
EndGlobal
